Microsoft Visual Studio Solution File, Format Version 12.00
# Visual Studio Version 17
VisualStudioVersion = 17.5.2.0
MinimumVisualStudioVersion = 10.0.40219.1
Project("{FAE04EC0-301F-11D3-BF4B-00C04F79EFBC}") = "Secyud.Abp.Settings.Domain.Tests", "Secyud.Abp.Settings.Domain.Tests.csproj", "{8B3EBC2C-0547-E6B5-DA9E-D01802DDD5C3}"
EndProject
Global
	GlobalSection(SolutionConfigurationPlatforms) = preSolution
		Debug|Any CPU = Debug|Any CPU
		Release|Any CPU = Release|Any CPU
	EndGlobalSection
	GlobalSection(ProjectConfigurationPlatforms) = postSolution
		{8B3EBC2C-0547-E6B5-DA9E-D01802DDD5C3}.Debug|Any CPU.ActiveCfg = Debug|Any CPU
		{8B3EBC2C-0547-E6B5-DA9E-D01802DDD5C3}.Debug|Any CPU.Build.0 = Debug|Any CPU
		{8B3EBC2C-0547-E6B5-DA9E-D01802DDD5C3}.Release|Any CPU.ActiveCfg = Release|Any CPU
		{8B3EBC2C-0547-E6B5-DA9E-D01802DDD5C3}.Release|Any CPU.Build.0 = Release|Any CPU
	EndGlobalSection
	GlobalSection(SolutionProperties) = preSolution
		HideSolutionNode = FALSE
	EndGlobalSection
	GlobalSection(ExtensibilityGlobals) = postSolution
		SolutionGuid = {37AD11A1-BDE4-4BA8-B39A-4D6028455E16}
	EndGlobalSection
EndGlobal
